dependencies:
- name: postgresql
  repository: https://charts.bitnami.com/bitnami
  version: 14.2.4
- name: cert-manager
  repository: https://charts.jetstack.io
  version: v1.13.0
digest: sha256:f75cc47a6abec0b79a52395e528dcf695e8dd19ddd9e5062e335d2135dbabfbd
generated: "2026-01-13T06:47:27.458276989Z"
